{
  "name": "form-block-to-zod-schema",
  "version": "1.0.0",
  "lockfileVersion": 3,
  "requires": true,
  "packages": {
    "": {
      "name": "form-block-to-zod-schema",
      "version": "1.0.0",
      "license": "ISC",
      "dependencies": {
        "libphonenumber-js": "^1.11.4",
        "zod": "^3.23.8"
      },
      "devDependencies": {
        "typescript": "^5.5.3"
      }
    },
    "node_modules/libphonenumber-js": {
      "version": "1.11.4",
      "resolved": "https://registry.npmjs.org/libphonenumber-js/-/libphonenumber-js-1.11.4.tgz",
      "integrity": "sha512-F/R50HQuWWYcmU/esP5jrH5LiWYaN7DpN0a/99U8+mnGGtnx8kmRE+649dQh3v+CowXXZc8vpkf5AmYkO0AQ7Q=="
    },
    "node_modules/typescript": {
      "version": "5.5.3",
      "resolved": "https://registry.npmjs.org/typescript/-/typescript-5.5.3.tgz",
      "integrity": "sha512-/hreyEujaB0w76zKo6717l3L0o/qEUtRgdvUBvlkhoWeOVMjMuHNHk0BRBzikzuGDqNmPQbg5ifMEqsHLiIUcQ==",
      "dev": true,
      "bin": {
        "tsc": "bin/tsc",
        "tsserver": "bin/tsserver"
      },
      "engines": {
        "node": ">=14.17"
      }
    },
    "node_modules/zod": {
      "version": "3.23.8",
      "resolved": "https://registry.npmjs.org/zod/-/zod-3.23.8.tgz",
      "integrity": "sha512-XBx9AXhXktjUqnepgTiE5flcKIYWi/rme0Eaj+5Y0lftuGBq+jyRu/md4WnuxqgP1ubdpNCsYEYPxrzVHD8d6g==",
      "funding": {
        "url": "https://github.com/sponsors/colinhacks"
      }
    }
  }
}
